
Microsoft Visual Studio Solution File, Format Version 12.00
# Visual Studio Version 17
VisualStudioVersion = 17.0.31903.59
MinimumVisualStudioVersion = 10.0.40219.1
Project("{FAE04EC0-301F-11D3-BF4B-00C04F79EFBC}") = "AwsSapC02Practice.Infrastructure", "src\AwsSapC02Practice.Infrastructure.csproj", "{DA24EF3A-4BD7-4A27-B55B-FDB04193A15B}"
EndProject
Project("{FAE04EC0-301F-11D3-BF4B-00C04F79EFBC}") = "AwsSapC02Practice.Tests", "tests\AwsSapC02Practice.Tests.csproj", "{BE5816A7-42DD-4967-BBD2-9AC7A7536167}"
EndProject
Global
	GlobalSection(SolutionConfigurationPlatforms) = preSolution
		Debug|Any CPU = Debug|Any CPU
		Release|Any CPU = Release|Any CPU
	EndGlobalSection
	GlobalSection(SolutionProperties) = preSolution
		HideSolutionNode = FALSE
	EndGlobalSection
	GlobalSection(ProjectConfigurationPlatforms) = postSolution
		{DA24EF3A-4BD7-4A27-B55B-FDB04193A15B}.Debug|Any CPU.ActiveCfg = Debug|Any CPU
		{DA24EF3A-4BD7-4A27-B55B-FDB04193A15B}.Debug|Any CPU.Build.0 = Debug|Any CPU
		{DA24EF3A-4BD7-4A27-B55B-FDB04193A15B}.Release|Any CPU.ActiveCfg = Release|Any CPU
		{DA24EF3A-4BD7-4A27-B55B-FDB04193A15B}.Release|Any CPU.Build.0 = Release|Any CPU
		{BE5816A7-42DD-4967-BBD2-9AC7A7536167}.Debug|Any CPU.ActiveCfg = Debug|Any CPU
		{BE5816A7-42DD-4967-BBD2-9AC7A7536167}.Debug|Any CPU.Build.0 = Debug|Any CPU
		{BE5816A7-42DD-4967-BBD2-9AC7A7536167}.Release|Any CPU.ActiveCfg = Release|Any CPU
		{BE5816A7-42DD-4967-BBD2-9AC7A7536167}.Release|Any CPU.Build.0 = Release|Any CPU
	EndGlobalSection
EndGlobal
